// !$*UTF8*$!
{
	archiveVersion = 1;
	classes = {
	};
	objectVersion = 46;
	objects = {

/* Begin PBXGroup section */
		73FC67F51B2F93EB00F811A8 = {
			isa = PBXGroup;
			children = (
			);
			sourceTree = "<group>";
		};
/* End PBXGroup section */

/* Begin PBXProject section */
		73FC67F61B2F93EB00F811A8 /* Project object */ = {
			isa = PBXProject;
			attributes = {
				LastUpgradeCheck = 0630;
			};
			buildConfigurationList = 73FC67F91B2F93EB00F811A8 /* Build configuration list for PBXProject "fizzBuzzProject" */;
			compatibilityVersion = "Xcode 3.2";
			developmentRegion = English;
			hasScannedForEncodings = 0;
			knownRegions = (
				en,
			);
			mainGroup = 73FC67F51B2F93EB00F811A8;
			projectDirPath = "";
			projectRoot = "";
			targets = (
			);
		};
/* End PBXProject section */

/* Begin XCBuildConfiguration section */
		73FC67FA1B2F93EB00F811A8 /* Debug */ = {
			isa = XCBuildConfiguration;
			buildSettings = {
			};
			name = Debug;
		};
		73FC67FB1B2F93EB00F811A8 /* Release */ = {
			isa = XCBuildConfiguration;
			buildSettings = {
			};
			name = Release;
		};
/* End XCBuildConfiguration section */

/* Begin XCConfigurationList section */
		73FC67F91B2F93EB00F811A8 /* Build configuration list for PBXProject "fizzBuzzProject" */ = {
			isa = XCConfigurationList;
			buildConfigurations = (
				73FC67FA1B2F93EB00F811A8 /* Debug */,
				73FC67FB1B2F93EB00F811A8 /* Release */,
			);
			defaultConfigurationIsVisible = 0;
			defaultConfigurationName = Release;
		};
/* End XCConfigurationList section */
	};
	rootObject = 73FC67F61B2F93EB00F811A8 /* Project object */;
}
